
Microsoft Visual Studio Solution File, Format Version 12.00
# Visual Studio Version 16
VisualStudioVersion = 16.0.29215.179
MinimumVisualStudioVersion = 10.0.40219.1
Project("{FAE04EC0-301F-11D3-BF4B-00C04F79EFBC}") = "FTP-CONSOLE", "src\FTP-CONSOLE\FTP-CONSOLE.csproj", "{42CE881C-63C9-4391-8861-32CF9AFF0D10}"
EndProject
Project("{FAE04EC0-301F-11D3-BF4B-00C04F79EFBC}") = "CANVAS", "src\CANVAS\CANVAS.csproj", "{71094452-E2B4-47AA-AB05-411BE1447A7C}"
EndProject
Project("{FAE04EC0-301F-11D3-BF4B-00C04F79EFBC}") = "PREVIEW", "src\PREVIEW\PREVIEW.csproj", "{46CA3B42-DB20-411E-9BEA-B7D4245BC75C}"
EndProject
Project("{FAE04EC0-301F-11D3-BF4B-00C04F79EFBC}") = "FTPScreenShot", "src\FTPScreenShot\FTPScreenShot.csproj", "{8D1127A8-7900-4CC2-81D6-5028506CF918}"
EndProject
Global
	GlobalSection(SolutionConfigurationPlatforms) = preSolution
		Debug|Any CPU = Debug|Any CPU
		Release|Any CPU = Release|Any CPU
	EndGlobalSection
	GlobalSection(ProjectConfigurationPlatforms) = postSolution
		{42CE881C-63C9-4391-8861-32CF9AFF0D10}.Debug|Any CPU.ActiveCfg = Debug|Any CPU
		{42CE881C-63C9-4391-8861-32CF9AFF0D10}.Debug|Any CPU.Build.0 = Debug|Any CPU
		{42CE881C-63C9-4391-8861-32CF9AFF0D10}.Release|Any CPU.ActiveCfg = Release|Any CPU
		{42CE881C-63C9-4391-8861-32CF9AFF0D10}.Release|Any CPU.Build.0 = Release|Any CPU
		{71094452-E2B4-47AA-AB05-411BE1447A7C}.Debug|Any CPU.ActiveCfg = Debug|Any CPU
		{71094452-E2B4-47AA-AB05-411BE1447A7C}.Debug|Any CPU.Build.0 = Debug|Any CPU
		{71094452-E2B4-47AA-AB05-411BE1447A7C}.Release|Any CPU.ActiveCfg = Release|Any CPU
		{71094452-E2B4-47AA-AB05-411BE1447A7C}.Release|Any CPU.Build.0 = Release|Any CPU
		{46CA3B42-DB20-411E-9BEA-B7D4245BC75C}.Debug|Any CPU.ActiveCfg = Debug|Any CPU
		{46CA3B42-DB20-411E-9BEA-B7D4245BC75C}.Debug|Any CPU.Build.0 = Debug|Any CPU
		{46CA3B42-DB20-411E-9BEA-B7D4245BC75C}.Release|Any CPU.ActiveCfg = Release|Any CPU
		{46CA3B42-DB20-411E-9BEA-B7D4245BC75C}.Release|Any CPU.Build.0 = Release|Any CPU
		{8D1127A8-7900-4CC2-81D6-5028506CF918}.Debug|Any CPU.ActiveCfg = Debug|Any CPU
		{8D1127A8-7900-4CC2-81D6-5028506CF918}.Debug|Any CPU.Build.0 = Debug|Any CPU
		{8D1127A8-7900-4CC2-81D6-5028506CF918}.Release|Any CPU.ActiveCfg = Release|Any CPU
		{8D1127A8-7900-4CC2-81D6-5028506CF918}.Release|Any CPU.Build.0 = Release|Any CPU
	EndGlobalSection
	GlobalSection(SolutionProperties) = preSolution
		HideSolutionNode = FALSE
	EndGlobalSection
	GlobalSection(ExtensibilityGlobals) = postSolution
		SolutionGuid = {05002E99-06DE-4382-9FEE-E2642CB14B48}
	EndGlobalSection
EndGlobal
